
Microsoft Visual Studio Solution File, Format Version 12.00
# Visual Studio 2013
VisualStudioVersion = 12.0.31101.0
MinimumVisualStudioVersion = 10.0.40219.1
Project("{2150E333-8FDC-42A3-9474-1A3956D46DE8}") = "Targets", "Targets", "{A09E1DDB-66FD-4923-A1A5-D47DF6A09E3C}"
	ProjectSection(SolutionItems) = preProject
		Targets\Elas.Appx.PRIResource.targets = Targets\Elas.Appx.PRIResource.targets
		Targets\Elas.Appx.targets = Targets\Elas.Appx.targets
		Targets\Elas.Common.targets = Targets\Elas.Common.targets
		Targets\Elas.Cpp.ResourceCompile.targets = Targets\Elas.Cpp.ResourceCompile.targets
		Targets\Elas.Cpp.targets = Targets\Elas.Cpp.targets
		Targets\Elas.Pretranslate.MicrosoftTranslation.targets = Targets\Elas.Pretranslate.MicrosoftTranslation.targets
		Targets\Elas.targets = Targets\Elas.targets
		Targets\Elas.WinFx(Sl).targets = Targets\Elas.WinFx(Sl).targets
		Targets\Elas.WinFx.EmbeddedResource.targets = Targets\Elas.WinFx.EmbeddedResource.targets
		Targets\Elas.WinFx.PageMarkup.targets = Targets\Elas.WinFx.PageMarkup.targets
		Targets\Elas.WinFx.targets = Targets\Elas.WinFx.targets
		Targets\Elas.Wix.targets = Targets\Elas.Wix.targets
	EndProjectSection
EndProject
Project("{FAE04EC0-301F-11D3-BF4B-00C04F79EFBC}") = "DevUtils.Elas.Tasks.Wix", "DevUtils.Elas.Tasks.Wix\DevUtils.Elas.Tasks.Wix.csproj", "{9D021BE6-0DF3-4511-BDF4-688A16938770}"
EndProject
Project("{FAE04EC0-301F-11D3-BF4B-00C04F79EFBC}") = "DevUtils.Elas.Tasks.WinFx", "DevUtils.Elas.Tasks.WinFx\DevUtils.Elas.Tasks.WinFx.csproj", "{B72E34C5-DE51-423A-BF96-A8037F875A14}"
EndProject
Project("{FAE04EC0-301F-11D3-BF4B-00C04F79EFBC}") = "TestWpfApplication", "TestWpfApplication\TestWpfApplication.csproj", "{E7CBB1B5-7412-4FD0-9638-072D27D6083F}"
EndProject
Project("{FAE04EC0-301F-11D3-BF4B-00C04F79EFBC}") = "DevUtils.Elas.Tasks.WinFx.Tests", "DevUtils.Elas.Tasks.WinFx.Tests\DevUtils.Elas.Tasks.WinFx.Tests.csproj", "{A3462E73-2EB3-4892-9428-7242765FE501}"
EndProject
Project("{FAE04EC0-301F-11D3-BF4B-00C04F79EFBC}") = "TestWpaApplication", "TestWpaApplication\TestWpaApplication.csproj", "{87BE4A20-7E03-4AA5-9913-9DECEFBF3744}"
EndProject
Project("{2150E333-8FDC-42A3-9474-1A3956D46DE8}") = "Nupkg", "Nupkg", "{57FFB9B6-3DDB-4E65-908A-7651547F2C4B}"
	ProjectSection(SolutionItems) = preProject
		Nupkg\DevUtils.Elas.Core.nuspec = Nupkg\DevUtils.Elas.Core.nuspec
		Nupkg\DevUtils.Elas.Pretranslate.MicrosoftTranslation.nuspec = Nupkg\DevUtils.Elas.Pretranslate.MicrosoftTranslation.nuspec
	EndProjectSection
EndProject
Project("{FAE04EC0-301F-11D3-BF4B-00C04F79EFBC}") = "TestWaApplication", "TestWaApplication\TestWaApplication.csproj", "{A3683205-A98A-4FDF-8D7A-22E1B2385546}"
EndProject
Project("{FAE04EC0-301F-11D3-BF4B-00C04F79EFBC}") = "DevUtils.Elas.Tasks.Core", "DevUtils.Elas.Tasks.Core\DevUtils.Elas.Tasks.Core.csproj", "{F52C4D6B-4894-42B1-BAF5-2FEBC9F0AB7C}"
EndProject
Project("{FAE04EC0-301F-11D3-BF4B-00C04F79EFBC}") = "DevUtils.Elas.Tasks.Core.Tests", "DevUtils.Elas.Tasks.Core.Tests\DevUtils.Elas.Tasks.Core.Tests.csproj", "{FDC565E4-15FD-48F8-B316-041B0827DD1C}"
EndProject
Project("{FAE04EC0-301F-11D3-BF4B-00C04F79EFBC}") = "DevUtils.Elas.Pretranslate.MicrosoftTranslation", "DevUtils.Elas.Pretranslate.MicrosoftTranslation\DevUtils.Elas.Pretranslate.MicrosoftTranslation.csproj", "{66E560B0-1BA2-4819-A385-1B2922DF46F3}"
EndProject
Project("{8BC9CEB8-8B4A-11D0-8D11-00A0C91BC942}") = "TestMFCApplication", "TestMFCApplication\TestMFCApplication.vcxproj", "{C9D7331B-38E1-4E12-8D34-9F097F73D0DE}"
EndProject
Project("{FAE04EC0-301F-11D3-BF4B-00C04F79EFBC}") = "TestSlApplication", "TestSlApplication\TestSlApplication.csproj", "{40321B30-94D2-427B-B681-0CFAC0BAC8D6}"
EndProject
Global
	GlobalSection(TeamFoundationVersionControl) = preSolution
		SccNumberOfProjects = 12
		SccEnterpriseProvider = {4CA58AB2-18FA-4F8D-95D4-32DDF27D184C}
		SccTeamFoundationServer = https://devutils.visualstudio.com/defaultcollection
		SccLocalPath0 = .
		SccProjectUniqueName1 = TestWpfApplication\\TestWpfApplication.csproj
		SccProjectName1 = TestWpfApplication
		SccLocalPath1 = TestWpfApplication
		SccProjectUniqueName2 = DevUtils.Elas.Tasks.WinFx\\DevUtils.Elas.Tasks.WinFx.csproj
		SccProjectName2 = DevUtils.Elas.Tasks.WinFx
		SccLocalPath2 = DevUtils.Elas.Tasks.WinFx
		SccProjectUniqueName3 = DevUtils.Elas.Tasks.Wix\\DevUtils.Elas.Tasks.Wix.csproj
		SccProjectName3 = DevUtils.Elas.Tasks.Wix
		SccLocalPath3 = DevUtils.Elas.Tasks.Wix
		SccProjectUniqueName4 = DevUtils.Elas.Tasks.WinFx.Tests\\DevUtils.Elas.Tasks.WinFx.Tests.csproj
		SccProjectName4 = DevUtils.Elas.Tasks.WinFx.Tests
		SccLocalPath4 = DevUtils.Elas.Tasks.WinFx.Tests
		SccProjectUniqueName5 = TestWpaApplication\\TestWpaApplication.csproj
		SccProjectName5 = TestWpaApplication
		SccLocalPath5 = TestWpaApplication
		SccProjectUniqueName6 = TestWaApplication\\TestWaApplication.csproj
		SccProjectName6 = TestWaApplication
		SccLocalPath6 = TestWaApplication
		SccProjectUniqueName7 = DevUtils.Elas.Tasks.Core\\DevUtils.Elas.Tasks.Core.csproj
		SccProjectName7 = DevUtils.Elas.Tasks.Core
		SccLocalPath7 = DevUtils.Elas.Tasks.Core
		SccProjectUniqueName8 = DevUtils.Elas.Tasks.Core.Tests\\DevUtils.Elas.Tasks.Core.Tests.csproj
		SccProjectName8 = DevUtils.Elas.Tasks.Core.Tests
		SccLocalPath8 = DevUtils.Elas.Tasks.Core.Tests
		SccProjectUniqueName9 = DevUtils.Elas.Pretranslate.MicrosoftTranslation\\DevUtils.Elas.Pretranslate.MicrosoftTranslation.csproj
		SccProjectName9 = DevUtils.Elas.Pretranslate.MicrosoftTranslation
		SccLocalPath9 = DevUtils.Elas.Pretranslate.MicrosoftTranslation
		SccProjectUniqueName10 = TestMFCApplication\\TestMFCApplication.vcxproj
		SccProjectName10 = TestMFCApplication
		SccLocalPath10 = TestMFCApplication
		SccProjectUniqueName11 = TestSlApplication\\TestSlApplication.csproj
		SccProjectName11 = TestSlApplication
		SccLocalPath11 = TestSlApplication
	EndGlobalSection
	GlobalSection(SolutionConfigurationPlatforms) = preSolution
		Debug|Any CPU = Debug|Any CPU
		Debug|ARM = Debug|ARM
		Debug|Mixed Platforms = Debug|Mixed Platforms
		Debug|Win32 = Debug|Win32
		Debug|x64 = Debug|x64
		Debug|x86 = Debug|x86
		Release|Any CPU = Release|Any CPU
		Release|ARM = Release|ARM
		Release|Mixed Platforms = Release|Mixed Platforms
		Release|Win32 = Release|Win32
		Release|x64 = Release|x64
		Release|x86 = Release|x86
	EndGlobalSection
	GlobalSection(ProjectConfigurationPlatforms) = postSolution
		{9D021BE6-0DF3-4511-BDF4-688A16938770}.Debug|Any CPU.ActiveCfg = Debug|Any CPU
		{9D021BE6-0DF3-4511-BDF4-688A16938770}.Debug|Any CPU.Build.0 = Debug|Any CPU
		{9D021BE6-0DF3-4511-BDF4-688A16938770}.Debug|ARM.ActiveCfg = Debug|Any CPU
		{9D021BE6-0DF3-4511-BDF4-688A16938770}.Debug|Mixed Platforms.ActiveCfg = Debug|Any CPU
		{9D021BE6-0DF3-4511-BDF4-688A16938770}.Debug|Win32.ActiveCfg = Debug|Any CPU
		{9D021BE6-0DF3-4511-BDF4-688A16938770}.Debug|x64.ActiveCfg = Debug|Any CPU
		{9D021BE6-0DF3-4511-BDF4-688A16938770}.Debug|x86.ActiveCfg = Debug|Any CPU
		{9D021BE6-0DF3-4511-BDF4-688A16938770}.Release|Any CPU.ActiveCfg = Release|Any CPU
		{9D021BE6-0DF3-4511-BDF4-688A16938770}.Release|Any CPU.Build.0 = Release|Any CPU
		{9D021BE6-0DF3-4511-BDF4-688A16938770}.Release|ARM.ActiveCfg = Release|Any CPU
		{9D021BE6-0DF3-4511-BDF4-688A16938770}.Release|Mixed Platforms.ActiveCfg = Release|Any CPU
		{9D021BE6-0DF3-4511-BDF4-688A16938770}.Release|Win32.ActiveCfg = Release|Any CPU
		{9D021BE6-0DF3-4511-BDF4-688A16938770}.Release|x64.ActiveCfg = Release|Any CPU
		{9D021BE6-0DF3-4511-BDF4-688A16938770}.Release|x86.ActiveCfg = Release|Any CPU
		{B72E34C5-DE51-423A-BF96-A8037F875A14}.Debug|Any CPU.ActiveCfg = Debug|Any CPU
		{B72E34C5-DE51-423A-BF96-A8037F875A14}.Debug|Any CPU.Build.0 = Debug|Any CPU
		{B72E34C5-DE51-423A-BF96-A8037F875A14}.Debug|ARM.ActiveCfg = Debug|Any CPU
		{B72E34C5-DE51-423A-BF96-A8037F875A14}.Debug|Mixed Platforms.ActiveCfg = Debug|Any CPU
		{B72E34C5-DE51-423A-BF96-A8037F875A14}.Debug|Win32.ActiveCfg = Debug|Any CPU
		{B72E34C5-DE51-423A-BF96-A8037F875A14}.Debug|x64.ActiveCfg = Debug|Any CPU
		{B72E34C5-DE51-423A-BF96-A8037F875A14}.Debug|x86.ActiveCfg = Debug|Any CPU
		{B72E34C5-DE51-423A-BF96-A8037F875A14}.Release|Any CPU.ActiveCfg = Release|Any CPU
		{B72E34C5-DE51-423A-BF96-A8037F875A14}.Release|Any CPU.Build.0 = Release|Any CPU
		{B72E34C5-DE51-423A-BF96-A8037F875A14}.Release|ARM.ActiveCfg = Release|Any CPU
		{B72E34C5-DE51-423A-BF96-A8037F875A14}.Release|Mixed Platforms.ActiveCfg = Release|Any CPU
		{B72E34C5-DE51-423A-BF96-A8037F875A14}.Release|Win32.ActiveCfg = Release|Any CPU
		{B72E34C5-DE51-423A-BF96-A8037F875A14}.Release|x64.ActiveCfg = Release|Any CPU
		{B72E34C5-DE51-423A-BF96-A8037F875A14}.Release|x86.ActiveCfg = Release|Any CPU
		{E7CBB1B5-7412-4FD0-9638-072D27D6083F}.Debug|Any CPU.ActiveCfg = Debug|Any CPU
		{E7CBB1B5-7412-4FD0-9638-072D27D6083F}.Debug|Any CPU.Build.0 = Debug|Any CPU
		{E7CBB1B5-7412-4FD0-9638-072D27D6083F}.Debug|ARM.ActiveCfg = Debug|Any CPU
		{E7CBB1B5-7412-4FD0-9638-072D27D6083F}.Debug|Mixed Platforms.ActiveCfg = Debug|Any CPU
		{E7CBB1B5-7412-4FD0-9638-072D27D6083F}.Debug|Mixed Platforms.Build.0 = Debug|Any CPU
		{E7CBB1B5-7412-4FD0-9638-072D27D6083F}.Debug|Win32.ActiveCfg = Debug|Any CPU
		{E7CBB1B5-7412-4FD0-9638-072D27D6083F}.Debug|x64.ActiveCfg = Debug|Any CPU
		{E7CBB1B5-7412-4FD0-9638-072D27D6083F}.Debug|x86.ActiveCfg = Debug|Any CPU
		{E7CBB1B5-7412-4FD0-9638-072D27D6083F}.Release|Any CPU.ActiveCfg = Release|Any CPU
		{E7CBB1B5-7412-4FD0-9638-072D27D6083F}.Release|Any CPU.Build.0 = Release|Any CPU
		{E7CBB1B5-7412-4FD0-9638-072D27D6083F}.Release|ARM.ActiveCfg = Release|Any CPU
		{E7CBB1B5-7412-4FD0-9638-072D27D6083F}.Release|Mixed Platforms.ActiveCfg = Release|Any CPU
		{E7CBB1B5-7412-4FD0-9638-072D27D6083F}.Release|Mixed Platforms.Build.0 = Release|Any CPU
		{E7CBB1B5-7412-4FD0-9638-072D27D6083F}.Release|Win32.ActiveCfg = Release|Any CPU
		{E7CBB1B5-7412-4FD0-9638-072D27D6083F}.Release|x64.ActiveCfg = Release|Any CPU
		{E7CBB1B5-7412-4FD0-9638-072D27D6083F}.Release|x86.ActiveCfg = Release|Any CPU
		{A3462E73-2EB3-4892-9428-7242765FE501}.Debug|Any CPU.ActiveCfg = Debug|Any CPU
		{A3462E73-2EB3-4892-9428-7242765FE501}.Debug|Any CPU.Build.0 = Debug|Any CPU
		{A3462E73-2EB3-4892-9428-7242765FE501}.Debug|ARM.ActiveCfg = Debug|Any CPU
		{A3462E73-2EB3-4892-9428-7242765FE501}.Debug|Mixed Platforms.ActiveCfg = Debug|Any CPU
		{A3462E73-2EB3-4892-9428-7242765FE501}.Debug|Win32.ActiveCfg = Debug|Any CPU
		{A3462E73-2EB3-4892-9428-7242765FE501}.Debug|x64.ActiveCfg = Debug|Any CPU
		{A3462E73-2EB3-4892-9428-7242765FE501}.Debug|x86.ActiveCfg = Debug|Any CPU
		{A3462E73-2EB3-4892-9428-7242765FE501}.Release|Any CPU.ActiveCfg = Release|Any CPU
		{A3462E73-2EB3-4892-9428-7242765FE501}.Release|Any CPU.Build.0 = Release|Any CPU
		{A3462E73-2EB3-4892-9428-7242765FE501}.Release|ARM.ActiveCfg = Release|Any CPU
		{A3462E73-2EB3-4892-9428-7242765FE501}.Release|Mixed Platforms.ActiveCfg = Release|Any CPU
		{A3462E73-2EB3-4892-9428-7242765FE501}.Release|Win32.ActiveCfg = Release|Any CPU
		{A3462E73-2EB3-4892-9428-7242765FE501}.Release|x64.ActiveCfg = Release|Any CPU
		{A3462E73-2EB3-4892-9428-7242765FE501}.Release|x86.ActiveCfg = Release|Any CPU
		{87BE4A20-7E03-4AA5-9913-9DECEFBF3744}.Debug|Any CPU.ActiveCfg = Debug|Any CPU
		{87BE4A20-7E03-4AA5-9913-9DECEFBF3744}.Debug|Any CPU.Build.0 = Debug|Any CPU
		{87BE4A20-7E03-4AA5-9913-9DECEFBF3744}.Debug|Any CPU.Deploy.0 = Debug|Any CPU
		{87BE4A20-7E03-4AA5-9913-9DECEFBF3744}.Debug|ARM.ActiveCfg = Debug|ARM
		{87BE4A20-7E03-4AA5-9913-9DECEFBF3744}.Debug|ARM.Build.0 = Debug|ARM
		{87BE4A20-7E03-4AA5-9913-9DECEFBF3744}.Debug|ARM.Deploy.0 = Debug|ARM
		{87BE4A20-7E03-4AA5-9913-9DECEFBF3744}.Debug|Mixed Platforms.ActiveCfg = Debug|x86
		{87BE4A20-7E03-4AA5-9913-9DECEFBF3744}.Debug|Win32.ActiveCfg = Debug|x86
		{87BE4A20-7E03-4AA5-9913-9DECEFBF3744}.Debug|x64.ActiveCfg = Debug|Any CPU
		{87BE4A20-7E03-4AA5-9913-9DECEFBF3744}.Debug|x86.ActiveCfg = Debug|x86
		{87BE4A20-7E03-4AA5-9913-9DECEFBF3744}.Debug|x86.Build.0 = Debug|x86
		{87BE4A20-7E03-4AA5-9913-9DECEFBF3744}.Debug|x86.Deploy.0 = Debug|x86
		{87BE4A20-7E03-4AA5-9913-9DECEFBF3744}.Release|Any CPU.ActiveCfg = Release|Any CPU
		{87BE4A20-7E03-4AA5-9913-9DECEFBF3744}.Release|Any CPU.Build.0 = Release|Any CPU
		{87BE4A20-7E03-4AA5-9913-9DECEFBF3744}.Release|Any CPU.Deploy.0 = Release|Any CPU
		{87BE4A20-7E03-4AA5-9913-9DECEFBF3744}.Release|ARM.ActiveCfg = Release|ARM
		{87BE4A20-7E03-4AA5-9913-9DECEFBF3744}.Release|ARM.Build.0 = Release|ARM
		{87BE4A20-7E03-4AA5-9913-9DECEFBF3744}.Release|ARM.Deploy.0 = Release|ARM
		{87BE4A20-7E03-4AA5-9913-9DECEFBF3744}.Release|Mixed Platforms.ActiveCfg = Release|x86
		{87BE4A20-7E03-4AA5-9913-9DECEFBF3744}.Release|Win32.ActiveCfg = Release|x86
		{87BE4A20-7E03-4AA5-9913-9DECEFBF3744}.Release|x64.ActiveCfg = Release|Any CPU
		{87BE4A20-7E03-4AA5-9913-9DECEFBF3744}.Release|x86.ActiveCfg = Release|x86
		{87BE4A20-7E03-4AA5-9913-9DECEFBF3744}.Release|x86.Build.0 = Release|x86
		{87BE4A20-7E03-4AA5-9913-9DECEFBF3744}.Release|x86.Deploy.0 = Release|x86
		{A3683205-A98A-4FDF-8D7A-22E1B2385546}.Debug|Any CPU.ActiveCfg = Debug|Any CPU
		{A3683205-A98A-4FDF-8D7A-22E1B2385546}.Debug|Any CPU.Build.0 = Debug|Any CPU
		{A3683205-A98A-4FDF-8D7A-22E1B2385546}.Debug|Any CPU.Deploy.0 = Debug|Any CPU
		{A3683205-A98A-4FDF-8D7A-22E1B2385546}.Debug|ARM.ActiveCfg = Debug|ARM
		{A3683205-A98A-4FDF-8D7A-22E1B2385546}.Debug|ARM.Build.0 = Debug|ARM
		{A3683205-A98A-4FDF-8D7A-22E1B2385546}.Debug|ARM.Deploy.0 = Debug|ARM
		{A3683205-A98A-4FDF-8D7A-22E1B2385546}.Debug|Mixed Platforms.ActiveCfg = Debug|x86
		{A3683205-A98A-4FDF-8D7A-22E1B2385546}.Debug|Mixed Platforms.Build.0 = Debug|x86
		{A3683205-A98A-4FDF-8D7A-22E1B2385546}.Debug|Mixed Platforms.Deploy.0 = Debug|x86
		{A3683205-A98A-4FDF-8D7A-22E1B2385546}.Debug|Win32.ActiveCfg = Debug|x86
		{A3683205-A98A-4FDF-8D7A-22E1B2385546}.Debug|Win32.Build.0 = Debug|x86
		{A3683205-A98A-4FDF-8D7A-22E1B2385546}.Debug|Win32.Deploy.0 = Debug|x86
		{A3683205-A98A-4FDF-8D7A-22E1B2385546}.Debug|x64.ActiveCfg = Debug|x64
		{A3683205-A98A-4FDF-8D7A-22E1B2385546}.Debug|x64.Build.0 = Debug|x64
		{A3683205-A98A-4FDF-8D7A-22E1B2385546}.Debug|x64.Deploy.0 = Debug|x64
		{A3683205-A98A-4FDF-8D7A-22E1B2385546}.Debug|x86.ActiveCfg = Debug|x86
		{A3683205-A98A-4FDF-8D7A-22E1B2385546}.Debug|x86.Build.0 = Debug|x86
		{A3683205-A98A-4FDF-8D7A-22E1B2385546}.Debug|x86.Deploy.0 = Debug|x86
		{A3683205-A98A-4FDF-8D7A-22E1B2385546}.Release|Any CPU.ActiveCfg = Release|Any CPU
		{A3683205-A98A-4FDF-8D7A-22E1B2385546}.Release|Any CPU.Build.0 = Release|Any CPU
		{A3683205-A98A-4FDF-8D7A-22E1B2385546}.Release|Any CPU.Deploy.0 = Release|Any CPU
		{A3683205-A98A-4FDF-8D7A-22E1B2385546}.Release|ARM.ActiveCfg = Release|ARM
		{A3683205-A98A-4FDF-8D7A-22E1B2385546}.Release|ARM.Build.0 = Release|ARM
		{A3683205-A98A-4FDF-8D7A-22E1B2385546}.Release|ARM.Deploy.0 = Release|ARM
		{A3683205-A98A-4FDF-8D7A-22E1B2385546}.Release|Mixed Platforms.ActiveCfg = Release|x86
		{A3683205-A98A-4FDF-8D7A-22E1B2385546}.Release|Mixed Platforms.Build.0 = Release|x86
		{A3683205-A98A-4FDF-8D7A-22E1B2385546}.Release|Mixed Platforms.Deploy.0 = Release|x86
		{A3683205-A98A-4FDF-8D7A-22E1B2385546}.Release|Win32.ActiveCfg = Release|x86
		{A3683205-A98A-4FDF-8D7A-22E1B2385546}.Release|Win32.Build.0 = Release|x86
		{A3683205-A98A-4FDF-8D7A-22E1B2385546}.Release|Win32.Deploy.0 = Release|x86
		{A3683205-A98A-4FDF-8D7A-22E1B2385546}.Release|x64.ActiveCfg = Release|x64
		{A3683205-A98A-4FDF-8D7A-22E1B2385546}.Release|x64.Build.0 = Release|x64
		{A3683205-A98A-4FDF-8D7A-22E1B2385546}.Release|x64.Deploy.0 = Release|x64
		{A3683205-A98A-4FDF-8D7A-22E1B2385546}.Release|x86.ActiveCfg = Release|x86
		{A3683205-A98A-4FDF-8D7A-22E1B2385546}.Release|x86.Build.0 = Release|x86
		{A3683205-A98A-4FDF-8D7A-22E1B2385546}.Release|x86.Deploy.0 = Release|x86
		{F52C4D6B-4894-42B1-BAF5-2FEBC9F0AB7C}.Debug|Any CPU.ActiveCfg = Debug|Any CPU
		{F52C4D6B-4894-42B1-BAF5-2FEBC9F0AB7C}.Debug|Any CPU.Build.0 = Debug|Any CPU
		{F52C4D6B-4894-42B1-BAF5-2FEBC9F0AB7C}.Debug|ARM.ActiveCfg = Debug|Any CPU
		{F52C4D6B-4894-42B1-BAF5-2FEBC9F0AB7C}.Debug|Mixed Platforms.ActiveCfg = Debug|Any CPU
		{F52C4D6B-4894-42B1-BAF5-2FEBC9F0AB7C}.Debug|Mixed Platforms.Build.0 = Debug|Any CPU
		{F52C4D6B-4894-42B1-BAF5-2FEBC9F0AB7C}.Debug|Win32.ActiveCfg = Debug|Any CPU
		{F52C4D6B-4894-42B1-BAF5-2FEBC9F0AB7C}.Debug|x64.ActiveCfg = Debug|Any CPU
		{F52C4D6B-4894-42B1-BAF5-2FEBC9F0AB7C}.Debug|x86.ActiveCfg = Debug|Any CPU
		{F52C4D6B-4894-42B1-BAF5-2FEBC9F0AB7C}.Release|Any CPU.ActiveCfg = Release|Any CPU
		{F52C4D6B-4894-42B1-BAF5-2FEBC9F0AB7C}.Release|Any CPU.Build.0 = Release|Any CPU
		{F52C4D6B-4894-42B1-BAF5-2FEBC9F0AB7C}.Release|ARM.ActiveCfg = Release|Any CPU
		{F52C4D6B-4894-42B1-BAF5-2FEBC9F0AB7C}.Release|Mixed Platforms.ActiveCfg = Release|Any CPU
		{F52C4D6B-4894-42B1-BAF5-2FEBC9F0AB7C}.Release|Mixed Platforms.Build.0 = Release|Any CPU
		{F52C4D6B-4894-42B1-BAF5-2FEBC9F0AB7C}.Release|Win32.ActiveCfg = Release|Any CPU
		{F52C4D6B-4894-42B1-BAF5-2FEBC9F0AB7C}.Release|x64.ActiveCfg = Release|Any CPU
		{F52C4D6B-4894-42B1-BAF5-2FEBC9F0AB7C}.Release|x86.ActiveCfg = Release|Any CPU
		{FDC565E4-15FD-48F8-B316-041B0827DD1C}.Debug|Any CPU.ActiveCfg = Debug|Any CPU
		{FDC565E4-15FD-48F8-B316-041B0827DD1C}.Debug|Any CPU.Build.0 = Debug|Any CPU
		{FDC565E4-15FD-48F8-B316-041B0827DD1C}.Debug|ARM.ActiveCfg = Debug|Any CPU
		{FDC565E4-15FD-48F8-B316-041B0827DD1C}.Debug|Mixed Platforms.ActiveCfg = Debug|Any CPU
		{FDC565E4-15FD-48F8-B316-041B0827DD1C}.Debug|Mixed Platforms.Build.0 = Debug|Any CPU
		{FDC565E4-15FD-48F8-B316-041B0827DD1C}.Debug|Win32.ActiveCfg = Debug|Any CPU
		{FDC565E4-15FD-48F8-B316-041B0827DD1C}.Debug|x64.ActiveCfg = Debug|Any CPU
		{FDC565E4-15FD-48F8-B316-041B0827DD1C}.Debug|x86.ActiveCfg = Debug|Any CPU
		{FDC565E4-15FD-48F8-B316-041B0827DD1C}.Release|Any CPU.ActiveCfg = Release|Any CPU
		{FDC565E4-15FD-48F8-B316-041B0827DD1C}.Release|Any CPU.Build.0 = Release|Any CPU
		{FDC565E4-15FD-48F8-B316-041B0827DD1C}.Release|ARM.ActiveCfg = Release|Any CPU
		{FDC565E4-15FD-48F8-B316-041B0827DD1C}.Release|Mixed Platforms.ActiveCfg = Release|Any CPU
		{FDC565E4-15FD-48F8-B316-041B0827DD1C}.Release|Mixed Platforms.Build.0 = Release|Any CPU
		{FDC565E4-15FD-48F8-B316-041B0827DD1C}.Release|Win32.ActiveCfg = Release|Any CPU
		{FDC565E4-15FD-48F8-B316-041B0827DD1C}.Release|x64.ActiveCfg = Release|Any CPU
		{FDC565E4-15FD-48F8-B316-041B0827DD1C}.Release|x86.ActiveCfg = Release|Any CPU
		{66E560B0-1BA2-4819-A385-1B2922DF46F3}.Debug|Any CPU.ActiveCfg = Debug|Any CPU
		{66E560B0-1BA2-4819-A385-1B2922DF46F3}.Debug|Any CPU.Build.0 = Debug|Any CPU
		{66E560B0-1BA2-4819-A385-1B2922DF46F3}.Debug|ARM.ActiveCfg = Debug|Any CPU
		{66E560B0-1BA2-4819-A385-1B2922DF46F3}.Debug|Mixed Platforms.ActiveCfg = Debug|Any CPU
		{66E560B0-1BA2-4819-A385-1B2922DF46F3}.Debug|Mixed Platforms.Build.0 = Debug|Any CPU
		{66E560B0-1BA2-4819-A385-1B2922DF46F3}.Debug|Win32.ActiveCfg = Debug|Any CPU
		{66E560B0-1BA2-4819-A385-1B2922DF46F3}.Debug|x64.ActiveCfg = Debug|Any CPU
		{66E560B0-1BA2-4819-A385-1B2922DF46F3}.Debug|x86.ActiveCfg = Debug|Any CPU
		{66E560B0-1BA2-4819-A385-1B2922DF46F3}.Release|Any CPU.ActiveCfg = Release|Any CPU
		{66E560B0-1BA2-4819-A385-1B2922DF46F3}.Release|Any CPU.Build.0 = Release|Any CPU
		{66E560B0-1BA2-4819-A385-1B2922DF46F3}.Release|ARM.ActiveCfg = Release|Any CPU
		{66E560B0-1BA2-4819-A385-1B2922DF46F3}.Release|Mixed Platforms.ActiveCfg = Release|Any CPU
		{66E560B0-1BA2-4819-A385-1B2922DF46F3}.Release|Mixed Platforms.Build.0 = Release|Any CPU
		{66E560B0-1BA2-4819-A385-1B2922DF46F3}.Release|Win32.ActiveCfg = Release|Any CPU
		{66E560B0-1BA2-4819-A385-1B2922DF46F3}.Release|x64.ActiveCfg = Release|Any CPU
		{66E560B0-1BA2-4819-A385-1B2922DF46F3}.Release|x86.ActiveCfg = Release|Any CPU
		{C9D7331B-38E1-4E12-8D34-9F097F73D0DE}.Debug|Any CPU.ActiveCfg = Debug|Win32
		{C9D7331B-38E1-4E12-8D34-9F097F73D0DE}.Debug|ARM.ActiveCfg = Debug|Win32
		{C9D7331B-38E1-4E12-8D34-9F097F73D0DE}.Debug|Mixed Platforms.ActiveCfg = Debug|Win32
		{C9D7331B-38E1-4E12-8D34-9F097F73D0DE}.Debug|Mixed Platforms.Build.0 = Debug|Win32
		{C9D7331B-38E1-4E12-8D34-9F097F73D0DE}.Debug|Win32.ActiveCfg = Debug|Win32
		{C9D7331B-38E1-4E12-8D34-9F097F73D0DE}.Debug|Win32.Build.0 = Debug|Win32
		{C9D7331B-38E1-4E12-8D34-9F097F73D0DE}.Debug|x64.ActiveCfg = Debug|Win32
		{C9D7331B-38E1-4E12-8D34-9F097F73D0DE}.Debug|x86.ActiveCfg = Debug|Win32
		{C9D7331B-38E1-4E12-8D34-9F097F73D0DE}.Debug|x86.Build.0 = Debug|Win32
		{C9D7331B-38E1-4E12-8D34-9F097F73D0DE}.Release|Any CPU.ActiveCfg = Release|Win32
		{C9D7331B-38E1-4E12-8D34-9F097F73D0DE}.Release|ARM.ActiveCfg = Release|Win32
		{C9D7331B-38E1-4E12-8D34-9F097F73D0DE}.Release|Mixed Platforms.ActiveCfg = Release|Win32
		{C9D7331B-38E1-4E12-8D34-9F097F73D0DE}.Release|Mixed Platforms.Build.0 = Release|Win32
		{C9D7331B-38E1-4E12-8D34-9F097F73D0DE}.Release|Win32.ActiveCfg = Release|Win32
		{C9D7331B-38E1-4E12-8D34-9F097F73D0DE}.Release|Win32.Build.0 = Release|Win32
		{C9D7331B-38E1-4E12-8D34-9F097F73D0DE}.Release|x64.ActiveCfg = Release|Win32
		{C9D7331B-38E1-4E12-8D34-9F097F73D0DE}.Release|x86.ActiveCfg = Release|Win32
		{C9D7331B-38E1-4E12-8D34-9F097F73D0DE}.Release|x86.Build.0 = Release|Win32
		{40321B30-94D2-427B-B681-0CFAC0BAC8D6}.Debug|Any CPU.ActiveCfg = Debug|Any CPU
		{40321B30-94D2-427B-B681-0CFAC0BAC8D6}.Debug|Any CPU.Build.0 = Debug|Any CPU
		{40321B30-94D2-427B-B681-0CFAC0BAC8D6}.Debug|ARM.ActiveCfg = Debug|Any CPU
		{40321B30-94D2-427B-B681-0CFAC0BAC8D6}.Debug|Mixed Platforms.ActiveCfg = Debug|Any CPU
		{40321B30-94D2-427B-B681-0CFAC0BAC8D6}.Debug|Mixed Platforms.Build.0 = Debug|Any CPU
		{40321B30-94D2-427B-B681-0CFAC0BAC8D6}.Debug|Win32.ActiveCfg = Debug|Any CPU
		{40321B30-94D2-427B-B681-0CFAC0BAC8D6}.Debug|x64.ActiveCfg = Debug|Any CPU
		{40321B30-94D2-427B-B681-0CFAC0BAC8D6}.Debug|x86.ActiveCfg = Debug|Any CPU
		{40321B30-94D2-427B-B681-0CFAC0BAC8D6}.Release|Any CPU.ActiveCfg = Release|Any CPU
		{40321B30-94D2-427B-B681-0CFAC0BAC8D6}.Release|Any CPU.Build.0 = Release|Any CPU
		{40321B30-94D2-427B-B681-0CFAC0BAC8D6}.Release|ARM.ActiveCfg = Release|Any CPU
		{40321B30-94D2-427B-B681-0CFAC0BAC8D6}.Release|Mixed Platforms.ActiveCfg = Release|Any CPU
		{40321B30-94D2-427B-B681-0CFAC0BAC8D6}.Release|Mixed Platforms.Build.0 = Release|Any CPU
		{40321B30-94D2-427B-B681-0CFAC0BAC8D6}.Release|Win32.ActiveCfg = Release|Any CPU
		{40321B30-94D2-427B-B681-0CFAC0BAC8D6}.Release|x64.ActiveCfg = Release|Any CPU
		{40321B30-94D2-427B-B681-0CFAC0BAC8D6}.Release|x86.ActiveCfg = Release|Any CPU
	EndGlobalSection
	GlobalSection(SolutionProperties) = preSolution
		HideSolutionNode = FALSE
	EndGlobalSection
EndGlobal
